
Microsoft Visual Studio Solution File, Format Version 12.00
# Visual Studio Version 17
VisualStudioVersion = 17.0.32002.185
MinimumVisualStudioVersion = 10.0.40219.1
Project("{FAE04EC0-301F-11D3-BF4B-00C04F79EFBC}") = "EstiloMB.Site", "EstiloMB-Web\EstiloMB.Site.csproj", "{AF02031D-D067-4E43-AE68-BAF16D8343F2}"
EndProject
Project("{FAE04EC0-301F-11D3-BF4B-00C04F79EFBC}") = "EstiloMB.Core", "EstiloMB.Core\EstiloMB.Core.csproj", "{20F7C647-A63D-4579-B5AF-9AB72D651887}"
EndProject
Project("{FAE04EC0-301F-11D3-BF4B-00C04F79EFBC}") = "EstiloMB.MVC", "EstiloMB.MVC\EstiloMB.MVC.csproj", "{BA3BBA8C-C100-4AC3-8A1C-3940E3C9261B}"
EndProject
Global
	GlobalSection(SolutionConfigurationPlatforms) = preSolution
		Debug|Any CPU = Debug|Any CPU
		Release|Any CPU = Release|Any CPU
	EndGlobalSection
	GlobalSection(ProjectConfigurationPlatforms) = postSolution
		{AF02031D-D067-4E43-AE68-BAF16D8343F2}.Debug|Any CPU.ActiveCfg = Debug|Any CPU
		{AF02031D-D067-4E43-AE68-BAF16D8343F2}.Debug|Any CPU.Build.0 = Debug|Any CPU
		{AF02031D-D067-4E43-AE68-BAF16D8343F2}.Release|Any CPU.ActiveCfg = Release|Any CPU
		{AF02031D-D067-4E43-AE68-BAF16D8343F2}.Release|Any CPU.Build.0 = Release|Any CPU
		{20F7C647-A63D-4579-B5AF-9AB72D651887}.Debug|Any CPU.ActiveCfg = Debug|Any CPU
		{20F7C647-A63D-4579-B5AF-9AB72D651887}.Debug|Any CPU.Build.0 = Debug|Any CPU
		{20F7C647-A63D-4579-B5AF-9AB72D651887}.Release|Any CPU.ActiveCfg = Release|Any CPU
		{20F7C647-A63D-4579-B5AF-9AB72D651887}.Release|Any CPU.Build.0 = Release|Any CPU
		{BA3BBA8C-C100-4AC3-8A1C-3940E3C9261B}.Debug|Any CPU.ActiveCfg = Debug|Any CPU
		{BA3BBA8C-C100-4AC3-8A1C-3940E3C9261B}.Debug|Any CPU.Build.0 = Debug|Any CPU
		{BA3BBA8C-C100-4AC3-8A1C-3940E3C9261B}.Release|Any CPU.ActiveCfg = Release|Any CPU
		{BA3BBA8C-C100-4AC3-8A1C-3940E3C9261B}.Release|Any CPU.Build.0 = Release|Any CPU
	EndGlobalSection
	GlobalSection(SolutionProperties) = preSolution
		HideSolutionNode = FALSE
	EndGlobalSection
	GlobalSection(ExtensibilityGlobals) = postSolution
		SolutionGuid = {AB02F923-7DAD-4265-98B3-D6CC60460691}
	EndGlobalSection
EndGlobal
